
Microsoft Visual Studio Solution File, Format Version 12.00
# Visual Studio Version 17
VisualStudioVersion = 17.5.33424.131
MinimumVisualStudioVersion = 10.0.40219.1
Project("{8BC9CEB8-8B4A-11D0-8D11-00A0C91BC942}") = "Elias Coding", "Elias Coding.vcxproj", "{B0C16E12-AAC9-4A2E-BA2E-D2C4D9B26FBD}"
EndProject
Global
	GlobalSection(SolutionConfigurationPlatforms) = preSolution
		Debug|x64 = Debug|x64
		Debug|x86 = Debug|x86
		Release|x64 = Release|x64
		Release|x86 = Release|x86
	EndGlobalSection
	GlobalSection(ProjectConfigurationPlatforms) = postSolution
		{B0C16E12-AAC9-4A2E-BA2E-D2C4D9B26FBD}.Debug|x64.ActiveCfg = Debug|x64
		{B0C16E12-AAC9-4A2E-BA2E-D2C4D9B26FBD}.Debug|x64.Build.0 = Debug|x64
		{B0C16E12-AAC9-4A2E-BA2E-D2C4D9B26FBD}.Debug|x86.ActiveCfg = Debug|Win32
		{B0C16E12-AAC9-4A2E-BA2E-D2C4D9B26FBD}.Debug|x86.Build.0 = Debug|Win32
		{B0C16E12-AAC9-4A2E-BA2E-D2C4D9B26FBD}.Release|x64.ActiveCfg = Release|x64
		{B0C16E12-AAC9-4A2E-BA2E-D2C4D9B26FBD}.Release|x64.Build.0 = Release|x64
		{B0C16E12-AAC9-4A2E-BA2E-D2C4D9B26FBD}.Release|x86.ActiveCfg = Release|Win32
		{B0C16E12-AAC9-4A2E-BA2E-D2C4D9B26FBD}.Release|x86.Build.0 = Release|Win32
	EndGlobalSection
	GlobalSection(SolutionProperties) = preSolution
		HideSolutionNode = FALSE
	EndGlobalSection
	GlobalSection(ExtensibilityGlobals) = postSolution
		SolutionGuid = {2C900109-78B5-443A-9CCC-BEC8F2A485B4}
	EndGlobalSection
EndGlobal
